// !$*UTF8*$!
{
	archiveVersion = 1;
	classes = {
	};
	objectVersion = 56;
	objects = {

/* Begin PBXBuildFile section */
		55C0B70B2BB332EE00741973 /* ApiClient.swift in Sources */ = {isa = PBXBuildFile; fileRef = 55C0B70A2BB332EE00741973 /* ApiClient.swift */; };
		55C0B70E2BB33F7500741973 /* Dependencies in Frameworks */ = {isa = PBXBuildFile; productRef = 55C0B70D2BB33F7500741973 /* Dependencies */; };
		55C0B7102BB33F7500741973 /* DependenciesMacros in Frameworks */ = {isa = PBXBuildFile; productRef = 55C0B70F2BB33F7500741973 /* DependenciesMacros */; };
		55C8C8A62BADD21C00FE13FE /* FetchRecipesApp.swift in Sources */ = {isa = PBXBuildFile; fileRef = 55C8C8A52BADD21C00FE13FE /* FetchRecipesApp.swift */; };
		55C8C8AA2BADD21E00FE13FE /* Assets.xcassets in Resources */ = {isa = PBXBuildFile; fileRef = 55C8C8A92BADD21E00FE13FE /* Assets.xcassets */; };
		55C8C8D22BADD4D700FE13FE /* INSTRUCTIONS.md in Resources */ = {isa = PBXBuildFile; fileRef = 55C8C8D12BADD4D700FE13FE /* INSTRUCTIONS.md */; };
		55D951412BB1C1D40095321B /* MealListView.swift in Sources */ = {isa = PBXBuildFile; fileRef = 55D951402BB1C1D40095321B /* MealListView.swift */; };
		55D951432BB1C39C0095321B /* Models.swift in Sources */ = {isa = PBXBuildFile; fileRef = 55D951422BB1C39C0095321B /* Models.swift */; };
		55D951482BB1E70C0095321B /* Mocks.swift in Sources */ = {isa = PBXBuildFile; fileRef = 55D951472BB1E70C0095321B /* Mocks.swift */; };
		55D9514B2BB208630095321B /* ViewModels.swift in Sources */ = {isa = PBXBuildFile; fileRef = 55D9514A2BB208630095321B /* ViewModels.swift */; };
		55DC81582BB3687400FBFE6C /* Dependencies in Frameworks */ = {isa = PBXBuildFile; productRef = 55DC81572BB3687400FBFE6C /* Dependencies */; };
		55DC815B2BB3689D00FBFE6C /* DependenciesMacros in Frameworks */ = {isa = PBXBuildFile; productRef = 55DC815A2BB3689D00FBFE6C /* DependenciesMacros */; };
		55DC815D2BB48B0300FBFE6C /* ViewModelTests.swift in Sources */ = {isa = PBXBuildFile; fileRef = 55DC815C2BB48B0300FBFE6C /* ViewModelTests.swift */; };
		55DC815F2BB49D0600FBFE6C /* ModelsDecodingTests.swift in Sources */ = {isa = PBXBuildFile; fileRef = 55DC815E2BB49D0600FBFE6C /* ModelsDecodingTests.swift */; };
		55F107802BB210AA008A6345 /* SwiftUINavigation in Frameworks */ = {isa = PBXBuildFile; productRef = 55F1077F2BB210AA008A6345 /* SwiftUINavigation */; };
		55F107832BB21ABB008A6345 /* MealCardView.swift in Sources */ = {isa = PBXBuildFile; fileRef = 55F107822BB21ABB008A6345 /* MealCardView.swift */; };
		55F107852BB21B7E008A6345 /* MealDetailView.swift in Sources */ = {isa = PBXBuildFile; fileRef = 55F107842BB21B7E008A6345 /* MealDetailView.swift */; };
/* End PBXBuildFile section */

/* Begin PBXContainerItemProxy section */
		55C8C8B42BADD21E00FE13FE /* PBXContainerItemProxy */ = {
			isa = PBXContainerItemProxy;
			containerPortal = 55C8C89A2BADD21C00FE13FE /* Project object */;
			proxyType = 1;
			remoteGlobalIDString = 55C8C8A12BADD21C00FE13FE;
			remoteInfo = FetchRecipes;
		};
/* End PBXContainerItemProxy section */

/* Begin PBXFileReference section */
		55C0B70A2BB332EE00741973 /* ApiClient.swift */ = {isa = PBXFileReference; lastKnownFileType = sourcecode.swift; path = ApiClient.swift; sourceTree = "<group>"; };
		55C8C8A22BADD21C00FE13FE /* FetchRecipes.app */ = {isa = PBXFileReference; explicitFileType = wrapper.application; includeInIndex = 0; path = FetchRecipes.app; sourceTree = BUILT_PRODUCTS_DIR; };
		55C8C8A52BADD21C00FE13FE /* FetchRecipesApp.swift */ = {isa = PBXFileReference; lastKnownFileType = sourcecode.swift; path = FetchRecipesApp.swift; sourceTree = "<group>"; };
		55C8C8A92BADD21E00FE13FE /* Assets.xcassets */ = {isa = PBXFileReference; lastKnownFileType = folder.assetcatalog; path = Assets.xcassets; sourceTree = "<group>"; };
		55C8C8AB2BADD21E00FE13FE /* FetchRecipes.entitlements */ = {isa = PBXFileReference; lastKnownFileType = text.plist.entitlements; path = FetchRecipes.entitlements; sourceTree = "<group>"; };
		55C8C8B32BADD21E00FE13FE /* FetchRecipesTests.xctest */ = {isa = PBXFileReference; explicitFileType = wrapper.cfbundle; includeInIndex = 0; path = FetchRecipesTests.xctest; sourceTree = BUILT_PRODUCTS_DIR; };
		55C8C8D12BADD4D700FE13FE /* INSTRUCTIONS.md */ = {isa = PBXFileReference; fileEncoding = 4; lastKnownFileType = net.daringfireball.markdown; path = INSTRUCTIONS.md; sourceTree = "<group>"; };
		55C8C8D32BADD50D00FE13FE /* README.md */ = {isa = PBXFileReference; lastKnownFileType = net.daringfireball.markdown; path = README.md; sourceTree = "<group>"; };
		55D951402BB1C1D40095321B /* MealListView.swift */ = {isa = PBXFileReference; lastKnownFileType = sourcecode.swift; path = MealListView.swift; sourceTree = "<group>"; };
		55D951422BB1C39C0095321B /* Models.swift */ = {isa = PBXFileReference; lastKnownFileType = sourcecode.swift; path = Models.swift; sourceTree = "<group>"; };
		55D951472BB1E70C0095321B /* Mocks.swift */ = {isa = PBXFileReference; lastKnownFileType = sourcecode.swift; path = Mocks.swift; sourceTree = "<group>"; };
		55D9514A2BB208630095321B /* ViewModels.swift */ = {isa = PBXFileReference; lastKnownFileType = sourcecode.swift; path = ViewModels.swift; sourceTree = "<group>"; };
		55DC815C2BB48B0300FBFE6C /* ViewModelTests.swift */ = {isa = PBXFileReference; lastKnownFileType = sourcecode.swift; path = ViewModelTests.swift; sourceTree = "<group>"; };
		55DC815E2BB49D0600FBFE6C /* ModelsDecodingTests.swift */ = {isa = PBXFileReference; fileEncoding = 4; lastKnownFileType = sourcecode.swift; path = ModelsDecodingTests.swift; sourceTree = "<group>"; };
		55F107822BB21ABB008A6345 /* MealCardView.swift */ = {isa = PBXFileReference; lastKnownFileType = sourcecode.swift; path = MealCardView.swift; sourceTree = "<group>"; };
		55F107842BB21B7E008A6345 /* MealDetailView.swift */ = {isa = PBXFileReference; lastKnownFileType = sourcecode.swift; path = MealDetailView.swift; sourceTree = "<group>"; };
/* End PBXFileReference section */

/* Begin PBXFrameworksBuildPhase section */
		55C8C89F2BADD21C00FE13FE /* Frameworks */ = {
			isa = PBXFrameworksBuildPhase;
			buildActionMask = 2147483647;
			files = (
				55F107802BB210AA008A6345 /* SwiftUINavigation in Frameworks */,
				55C0B70E2BB33F7500741973 /* Dependencies in Frameworks */,
				55C0B7102BB33F7500741973 /* DependenciesMacros in Frameworks */,
			);
			runOnlyForDeploymentPostprocessing = 0;
		};
		55C8C8B02BADD21E00FE13FE /* Frameworks */ = {
			isa = PBXFrameworksBuildPhase;
			buildActionMask = 2147483647;
			files = (
				55DC815B2BB3689D00FBFE6C /* DependenciesMacros in Frameworks */,
				55DC81582BB3687400FBFE6C /* Dependencies in Frameworks */,
			);
			runOnlyForDeploymentPostprocessing = 0;
		};
/* End PBXFrameworksBuildPhase section */

/* Begin PBXGroup section */
		55C8C8992BADD21C00FE13FE = {
			isa = PBXGroup;
			children = (
				55F1077D2BB209DF008A6345 /* Preview Content */,
				55C8C8D32BADD50D00FE13FE /* README.md */,
				55C8C8D12BADD4D700FE13FE /* INSTRUCTIONS.md */,
				55C8C8A42BADD21C00FE13FE /* FetchRecipes */,
				55C8C8B62BADD21E00FE13FE /* FetchRecipesTests */,
				55C8C8A32BADD21C00FE13FE /* Products */,
				55C8C8D72BAE253C00FE13FE /* Frameworks */,
			);
			sourceTree = "<group>";
		};
		55C8C8A32BADD21C00FE13FE /* Products */ = {
			isa = PBXGroup;
			children = (
				55C8C8A22BADD21C00FE13FE /* FetchRecipes.app */,
				55C8C8B32BADD21E00FE13FE /* FetchRecipesTests.xctest */,
			);
			name = Products;
			sourceTree = "<group>";
		};
		55C8C8A42BADD21C00FE13FE /* FetchRecipes */ = {
			isa = PBXGroup;
			children = (
				55C0B70A2BB332EE00741973 /* ApiClient.swift */,
				55C8C8A92BADD21E00FE13FE /* Assets.xcassets */,
				55C8C8AB2BADD21E00FE13FE /* FetchRecipes.entitlements */,
				55C8C8A52BADD21C00FE13FE /* FetchRecipesApp.swift */,
				55D951472BB1E70C0095321B /* Mocks.swift */,
				55D951422BB1C39C0095321B /* Models.swift */,
				55D9514A2BB208630095321B /* ViewModels.swift */,
				55F107812BB21A93008A6345 /* Views */,
			);
			path = FetchRecipes;
			sourceTree = "<group>";
		};
		55C8C8B62BADD21E00FE13FE /* FetchRecipesTests */ = {
			isa = PBXGroup;
			children = (
				55DC815E2BB49D0600FBFE6C /* ModelsDecodingTests.swift */,
				55DC815C2BB48B0300FBFE6C /* ViewModelTests.swift */,
			);
			path = FetchRecipesTests;
			sourceTree = "<group>";
		};
		55C8C8D72BAE253C00FE13FE /* Frameworks */ = {
			isa = PBXGroup;
			children = (
			);
			name = Frameworks;
			sourceTree = "<group>";
		};
		55F1077D2BB209DF008A6345 /* Preview Content */ = {
			isa = PBXGroup;
			children = (
			);
			name = "Preview Content";
			path = "FetchRecipes/Preview Content";
			sourceTree = "<group>";
		};
		55F107812BB21A93008A6345 /* Views */ = {
			isa = PBXGroup;
			children = (
				55D951402BB1C1D40095321B /* MealListView.swift */,
				55F107822BB21ABB008A6345 /* MealCardView.swift */,
				55F107842BB21B7E008A6345 /* MealDetailView.swift */,
			);
			path = Views;
			sourceTree = "<group>";
		};
/* End PBXGroup section */

/* Begin PBXNativeTarget section */
		55C8C8A12BADD21C00FE13FE /* FetchRecipes */ = {
			isa = PBXNativeTarget;
			buildConfigurationList = 55C8C8C72BADD21E00FE13FE /* Build configuration list for PBXNativeTarget "FetchRecipes" */;
			buildPhases = (
				55C8C89E2BADD21C00FE13FE /* Sources */,
				55C8C89F2BADD21C00FE13FE /* Frameworks */,
				55C8C8A02BADD21C00FE13FE /* Resources */,
			);
			buildRules = (
			);
			dependencies = (
			);
			name = FetchRecipes;
			packageProductDependencies = (
				55F1077F2BB210AA008A6345 /* SwiftUINavigation */,
				55C0B70D2BB33F7500741973 /* Dependencies */,
				55C0B70F2BB33F7500741973 /* DependenciesMacros */,
			);
			productName = FetchRecipes;
			productReference = 55C8C8A22BADD21C00FE13FE /* FetchRecipes.app */;
			productType = "com.apple.product-type.application";
		};
		55C8C8B22BADD21E00FE13FE /* FetchRecipesTests */ = {
			isa = PBXNativeTarget;
			buildConfigurationList = 55C8C8CA2BADD21E00FE13FE /* Build configuration list for PBXNativeTarget "FetchRecipesTests" */;
			buildPhases = (
				55C8C8AF2BADD21E00FE13FE /* Sources */,
				55C8C8B02BADD21E00FE13FE /* Frameworks */,
				55C8C8B12BADD21E00FE13FE /* Resources */,
			);
			buildRules = (
			);
			dependencies = (
				55C8C8B52BADD21E00FE13FE /* PBXTargetDependency */,
			);
			name = FetchRecipesTests;
			packageProductDependencies = (
				55DC81572BB3687400FBFE6C /* Dependencies */,
				55DC815A2BB3689D00FBFE6C /* DependenciesMacros */,
			);
			productName = FetchRecipesTests;
			productReference = 55C8C8B32BADD21E00FE13FE /* FetchRecipesTests.xctest */;
			productType = "com.apple.product-type.bundle.unit-test";
		};
/* End PBXNativeTarget section */

/* Begin PBXProject section */
		55C8C89A2BADD21C00FE13FE /* Project object */ = {
			isa = PBXProject;
			attributes = {
				BuildIndependentTargetsInParallel = 1;
				LastSwiftUpdateCheck = 1530;
				LastUpgradeCheck = 1530;
				TargetAttributes = {
					55C8C8A12BADD21C00FE13FE = {
						CreatedOnToolsVersion = 15.3;
					};
					55C8C8B22BADD21E00FE13FE = {
						CreatedOnToolsVersion = 15.3;
						TestTargetID = 55C8C8A12BADD21C00FE13FE;
					};
				};
			};
			buildConfigurationList = 55C8C89D2BADD21C00FE13FE /* Build configuration list for PBXProject "FetchRecipes" */;
			compatibilityVersion = "Xcode 14.0";
			developmentRegion = en;
			hasScannedForEncodings = 0;
			knownRegions = (
				en,
				Base,
			);
			mainGroup = 55C8C8992BADD21C00FE13FE;
			packageReferences = (
				55F1077E2BB21091008A6345 /* XCRemoteSwiftPackageReference "swiftui-navigation" */,
				55C0B70C2BB33F7500741973 /* XCRemoteSwiftPackageReference "swift-dependencies" */,
			);
			productRefGroup = 55C8C8A32BADD21C00FE13FE /* Products */;
			projectDirPath = "";
			projectRoot = "";
			targets = (
				55C8C8A12BADD21C00FE13FE /* FetchRecipes */,
				55C8C8B22BADD21E00FE13FE /* FetchRecipesTests */,
			);
		};
/* End PBXProject section */

/* Begin PBXResourcesBuildPhase section */
		55C8C8A02BADD21C00FE13FE /* Resources */ = {
			isa = PBXResourcesBuildPhase;
			buildActionMask = 2147483647;
			files = (
				55C8C8D22BADD4D700FE13FE /* INSTRUCTIONS.md in Resources */,
				55C8C8AA2BADD21E00FE13FE /* Assets.xcassets in Resources */,
			);
			runOnlyForDeploymentPostprocessing = 0;
		};
		55C8C8B12BADD21E00FE13FE /* Resources */ = {
			isa = PBXResourcesBuildPhase;
			buildActionMask = 2147483647;
			files = (
			);
			runOnlyForDeploymentPostprocessing = 0;
		};
/* End PBXResourcesBuildPhase section */

/* Begin PBXSourcesBuildPhase section */
		55C8C89E2BADD21C00FE13FE /* Sources */ = {
			isa = PBXSourcesBuildPhase;
			buildActionMask = 2147483647;
			files = (
				55D951412BB1C1D40095321B /* MealListView.swift in Sources */,
				55F107832BB21ABB008A6345 /* MealCardView.swift in Sources */,
				55C8C8A62BADD21C00FE13FE /* FetchRecipesApp.swift in Sources */,
				55C0B70B2BB332EE00741973 /* ApiClient.swift in Sources */,
				55D9514B2BB208630095321B /* ViewModels.swift in Sources */,
				55F107852BB21B7E008A6345 /* MealDetailView.swift in Sources */,
				55D951432BB1C39C0095321B /* Models.swift in Sources */,
				55D951482BB1E70C0095321B /* Mocks.swift in Sources */,
			);
			runOnlyForDeploymentPostprocessing = 0;
		};
		55C8C8AF2BADD21E00FE13FE /* Sources */ = {
			isa = PBXSourcesBuildPhase;
			buildActionMask = 2147483647;
			files = (
				55DC815F2BB49D0600FBFE6C /* ModelsDecodingTests.swift in Sources */,
				55DC815D2BB48B0300FBFE6C /* ViewModelTests.swift in Sources */,
			);
			runOnlyForDeploymentPostprocessing = 0;
		};
/* End PBXSourcesBuildPhase section */

/* Begin PBXTargetDependency section */
		55C8C8B52BADD21E00FE13FE /* PBXTargetDependency */ = {
			isa = PBXTargetDependency;
			target = 55C8C8A12BADD21C00FE13FE /* FetchRecipes */;
			targetProxy = 55C8C8B42BADD21E00FE13FE /* PBXContainerItemProxy */;
		};
/* End PBXTargetDependency section */

/* Begin XCBuildConfiguration section */
		55C8C8C52BADD21E00FE13FE /* Debug */ = {
			isa = XCBuildConfiguration;
			buildSettings = {
				ALWAYS_SEARCH_USER_PATHS = NO;
				ASSETCATALOG_COMPILER_GENERATE_SWIFT_ASSET_SYMBOL_EXTENSIONS = YES;
				CLANG_ANALYZER_NONNULL = YES;
				CLANG_ANALYZER_NUMBER_OBJECT_CONVERSION = YES_AGGRESSIVE;
				CLANG_CXX_LANGUAGE_STANDARD = "gnu++20";
				CLANG_ENABLE_MODULES = YES;
				CLANG_ENABLE_OBJC_ARC = YES;
				CLANG_ENABLE_OBJC_WEAK = YES;
				CLANG_WARN_BLOCK_CAPTURE_AUTORELEASING = YES;
				CLANG_WARN_BOOL_CONVERSION = YES;
				CLANG_WARN_COMMA = YES;
				CLANG_WARN_CONSTANT_CONVERSION = YES;
				CLANG_WARN_DEPRECATED_OBJC_IMPLEMENTATIONS = YES;
				CLANG_WARN_DIRECT_OBJC_ISA_USAGE = YES_ERROR;
				CLANG_WARN_DOCUMENTATION_COMMENTS = YES;
				CLANG_WARN_EMPTY_BODY = YES;
				CLANG_WARN_ENUM_CONVERSION = YES;
				CLANG_WARN_INFINITE_RECURSION = YES;
				CLANG_WARN_INT_CONVERSION = YES;
				CLANG_WARN_NON_LITERAL_NULL_CONVERSION = YES;
				CLANG_WARN_OBJC_IMPLICIT_RETAIN_SELF = YES;
				CLANG_WARN_OBJC_LITERAL_CONVERSION = YES;
				CLANG_WARN_OBJC_ROOT_CLASS = YES_ERROR;
				CLANG_WARN_QUOTED_INCLUDE_IN_FRAMEWORK_HEADER = YES;
				CLANG_WARN_RANGE_LOOP_ANALYSIS = YES;
				CLANG_WARN_STRICT_PROTOTYPES = YES;
				CLANG_WARN_SUSPICIOUS_MOVE = YES;
				CLANG_WARN_UNGUARDED_AVAILABILITY = YES_AGGRESSIVE;
				CLANG_WARN_UNREACHABLE_CODE = YES;
				CLANG_WARN__DUPLICATE_METHOD_MATCH = YES;
				COPY_PHASE_STRIP = NO;
				DEBUG_INFORMATION_FORMAT = dwarf;
				ENABLE_STRICT_OBJC_MSGSEND = YES;
				ENABLE_TESTABILITY = YES;
				ENABLE_USER_SCRIPT_SANDBOXING = YES;
				GCC_C_LANGUAGE_STANDARD = gnu17;
				GCC_DYNAMIC_NO_PIC = NO;
				GCC_NO_COMMON_BLOCKS = YES;
				GCC_OPTIMIZATION_LEVEL = 0;
				GCC_PREPROCESSOR_DEFINITIONS = (
					"DEBUG=1",
					"$(inherited)",
				);
				GCC_WARN_64_TO_32_BIT_CONVERSION = YES;
				GCC_WARN_ABOUT_RETURN_TYPE = YES_ERROR;
				GCC_WARN_UNDECLARED_SELECTOR = YES;
				GCC_WARN_UNINITIALIZED_AUTOS = YES_AGGRESSIVE;
				GCC_WARN_UNUSED_FUNCTION = YES;
				GCC_WARN_UNUSED_VARIABLE = YES;
				LOCALIZATION_PREFERS_STRING_CATALOGS = YES;
				MTL_ENABLE_DEBUG_INFO = INCLUDE_SOURCE;
				MTL_FAST_MATH = YES;
				ONLY_ACTIVE_ARCH = YES;
				SWIFT_ACTIVE_COMPILATION_CONDITIONS = "DEBUG $(inherited)";
				SWIFT_OPTIMIZATION_LEVEL = "-Onone";
			};
			name = Debug;
		};
		55C8C8C62BADD21E00FE13FE /* Release */ = {
			isa = XCBuildConfiguration;
			buildSettings = {
				ALWAYS_SEARCH_USER_PATHS = NO;
				ASSETCATALOG_COMPILER_GENERATE_SWIFT_ASSET_SYMBOL_EXTENSIONS = YES;
				CLANG_ANALYZER_NONNULL = YES;
				CLANG_ANALYZER_NUMBER_OBJECT_CONVERSION = YES_AGGRESSIVE;
				CLANG_CXX_LANGUAGE_STANDARD = "gnu++20";
				CLANG_ENABLE_MODULES = YES;
				CLANG_ENABLE_OBJC_ARC = YES;
				CLANG_ENABLE_OBJC_WEAK = YES;
				CLANG_WARN_BLOCK_CAPTURE_AUTORELEASING = YES;
				CLANG_WARN_BOOL_CONVERSION = YES;
				CLANG_WARN_COMMA = YES;
				CLANG_WARN_CONSTANT_CONVERSION = YES;
				CLANG_WARN_DEPRECATED_OBJC_IMPLEMENTATIONS = YES;
				CLANG_WARN_DIRECT_OBJC_ISA_USAGE = YES_ERROR;
				CLANG_WARN_DOCUMENTATION_COMMENTS = YES;
				CLANG_WARN_EMPTY_BODY = YES;
				CLANG_WARN_ENUM_CONVERSION = YES;
				CLANG_WARN_INFINITE_RECURSION = YES;
				CLANG_WARN_INT_CONVERSION = YES;
				CLANG_WARN_NON_LITERAL_NULL_CONVERSION = YES;
				CLANG_WARN_OBJC_IMPLICIT_RETAIN_SELF = YES;
				CLANG_WARN_OBJC_LITERAL_CONVERSION = YES;
				CLANG_WARN_OBJC_ROOT_CLASS = YES_ERROR;
				CLANG_WARN_QUOTED_INCLUDE_IN_FRAMEWORK_HEADER = YES;
				CLANG_WARN_RANGE_LOOP_ANALYSIS = YES;
				CLANG_WARN_STRICT_PROTOTYPES = YES;
				CLANG_WARN_SUSPICIOUS_MOVE = YES;
				CLANG_WARN_UNGUARDED_AVAILABILITY = YES_AGGRESSIVE;
				CLANG_WARN_UNREACHABLE_CODE = YES;
				CLANG_WARN__DUPLICATE_METHOD_MATCH = YES;
				COPY_PHASE_STRIP = NO;
				DEBUG_INFORMATION_FORMAT = "dwarf-with-dsym";
				ENABLE_NS_ASSERTIONS = NO;
				ENABLE_STRICT_OBJC_MSGSEND = YES;
				ENABLE_USER_SCRIPT_SANDBOXING = YES;
				GCC_C_LANGUAGE_STANDARD = gnu17;
				GCC_NO_COMMON_BLOCKS = YES;
				GCC_WARN_64_TO_32_BIT_CONVERSION = YES;
				GCC_WARN_ABOUT_RETURN_TYPE = YES_ERROR;
				GCC_WARN_UNDECLARED_SELECTOR = YES;
				GCC_WARN_UNINITIALIZED_AUTOS = YES_AGGRESSIVE;
				GCC_WARN_UNUSED_FUNCTION = YES;
				GCC_WARN_UNUSED_VARIABLE = YES;
				LOCALIZATION_PREFERS_STRING_CATALOGS = YES;
				MTL_ENABLE_DEBUG_INFO = NO;
				MTL_FAST_MATH = YES;
				SWIFT_COMPILATION_MODE = wholemodule;
			};
			name = Release;
		};
		55C8C8C82BADD21E00FE13FE /* Debug */ = {
			isa = XCBuildConfiguration;
			buildSettings = {
				ASSETCATALOG_COMPILER_APPICON_NAME = AppIcon;
				ASSETCATALOG_COMPILER_GLOBAL_ACCENT_COLOR_NAME = AccentColor;
				CODE_SIGN_ENTITLEMENTS = FetchRecipes/FetchRecipes.entitlements;
				CODE_SIGN_STYLE = Automatic;
				CURRENT_PROJECT_VERSION = 1;
				DEVELOPMENT_ASSET_PATHS = "\"FetchRecipes/Preview Content\"";
				ENABLE_PREVIEWS = YES;
				GENERATE_INFOPLIST_FILE = YES;
				"INFOPLIST_KEY_UIApplicationSceneManifest_Generation[sdk=iphoneos*]" = YES;
				"INFOPLIST_KEY_UIApplicationSceneManifest_Generation[sdk=iphonesimulator*]" = YES;
				"INFOPLIST_KEY_UIApplicationSupportsIndirectInputEvents[sdk=iphoneos*]" = YES;
				"INFOPLIST_KEY_UIApplicationSupportsIndirectInputEvents[sdk=iphonesimulator*]" = YES;
				"INFOPLIST_KEY_UILaunchScreen_Generation[sdk=iphoneos*]" = YES;
				"INFOPLIST_KEY_UILaunchScreen_Generation[sdk=iphonesimulator*]" = YES;
				"INFOPLIST_KEY_UIStatusBarStyle[sdk=iphoneos*]" = UIStatusBarStyleDefault;
				"INFOPLIST_KEY_UIStatusBarStyle[sdk=iphonesimulator*]" = UIStatusBarStyleDefault;
				INFOPLIST_KEY_UISupportedInterfaceOrientations_iPad = "UIInterfaceOrientationPortrait UIInterfaceOrientationPortraitUpsideDown UIInterfaceOrientationLandscapeLeft UIInterfaceOrientationLandscapeRight";
				INFOPLIST_KEY_UISupportedInterfaceOrientations_iPhone = "UIInterfaceOrientationPortrait UIInterfaceOrientationLandscapeLeft UIInterfaceOrientationLandscapeRight";
				IPHONEOS_DEPLOYMENT_TARGET = 17.4;
				LD_RUNPATH_SEARCH_PATHS = "@executable_path/Frameworks";
				"LD_RUNPATH_SEARCH_PATHS[sdk=macosx*]" = "@executable_path/../Frameworks";
				MACOSX_DEPLOYMENT_TARGET = 14.1;
				MARKETING_VERSION = 1.0;
				PRODUCT_BUNDLE_IDENTIFIER = "com.matt-johnson.FetchRecipes";
				PRODUCT_NAME = "$(TARGET_NAME)";
				SDKROOT = auto;
				SUPPORTED_PLATFORMS = "iphoneos iphonesimulator macosx";
				SWIFT_EMIT_LOC_STRINGS = YES;
				SWIFT_STRICT_CONCURRENCY = complete;
				SWIFT_VERSION = 5.0;
				TARGETED_DEVICE_FAMILY = "1,2";
			};
			name = Debug;
		};
		55C8C8C92BADD21E00FE13FE /* Release */ = {
			isa = XCBuildConfiguration;
			buildSettings = {
				ASSETCATALOG_COMPILER_APPICON_NAME = AppIcon;
				ASSETCATALOG_COMPILER_GLOBAL_ACCENT_COLOR_NAME = AccentColor;
				CODE_SIGN_ENTITLEMENTS = FetchRecipes/FetchRecipes.entitlements;
				CODE_SIGN_STYLE = Automatic;
				CURRENT_PROJECT_VERSION = 1;
				DEVELOPMENT_ASSET_PATHS = "\"FetchRecipes/Preview Content\"";
				ENABLE_PREVIEWS = YES;
				GENERATE_INFOPLIST_FILE = YES;
				"INFOPLIST_KEY_UIApplicationSceneManifest_Generation[sdk=iphoneos*]" = YES;
				"INFOPLIST_KEY_UIApplicationSceneManifest_Generation[sdk=iphonesimulator*]" = YES;
				"INFOPLIST_KEY_UIApplicationSupportsIndirectInputEvents[sdk=iphoneos*]" = YES;
				"INFOPLIST_KEY_UIApplicationSupportsIndirectInputEvents[sdk=iphonesimulator*]" = YES;
				"INFOPLIST_KEY_UILaunchScreen_Generation[sdk=iphoneos*]" = YES;
				"INFOPLIST_KEY_UILaunchScreen_Generation[sdk=iphonesimulator*]" = YES;
				"INFOPLIST_KEY_UIStatusBarStyle[sdk=iphoneos*]" = UIStatusBarStyleDefault;
				"INFOPLIST_KEY_UIStatusBarStyle[sdk=iphonesimulator*]" = UIStatusBarStyleDefault;
				INFOPLIST_KEY_UISupportedInterfaceOrientations_iPad = "UIInterfaceOrientationPortrait UIInterfaceOrientationPortraitUpsideDown UIInterfaceOrientationLandscapeLeft UIInterfaceOrientationLandscapeRight";
				INFOPLIST_KEY_UISupportedInterfaceOrientations_iPhone = "UIInterfaceOrientationPortrait UIInterfaceOrientationLandscapeLeft UIInterfaceOrientationLandscapeRight";
				IPHONEOS_DEPLOYMENT_TARGET = 17.4;
				LD_RUNPATH_SEARCH_PATHS = "@executable_path/Frameworks";
				"LD_RUNPATH_SEARCH_PATHS[sdk=macosx*]" = "@executable_path/../Frameworks";
				MACOSX_DEPLOYMENT_TARGET = 14.1;
				MARKETING_VERSION = 1.0;
				PRODUCT_BUNDLE_IDENTIFIER = "com.matt-johnson.FetchRecipes";
				PRODUCT_NAME = "$(TARGET_NAME)";
				SDKROOT = auto;
				SUPPORTED_PLATFORMS = "iphoneos iphonesimulator macosx";
				SWIFT_EMIT_LOC_STRINGS = YES;
				SWIFT_STRICT_CONCURRENCY = complete;
				SWIFT_VERSION = 5.0;
				TARGETED_DEVICE_FAMILY = "1,2";
			};
			name = Release;
		};
		55C8C8CB2BADD21E00FE13FE /* Debug */ = {
			isa = XCBuildConfiguration;
			buildSettings = {
				ALWAYS_EMBED_SWIFT_STANDARD_LIBRARIES = YES;
				BUNDLE_LOADER = "$(TEST_HOST)";
				CODE_SIGN_STYLE = Automatic;
				CURRENT_PROJECT_VERSION = 1;
				GENERATE_INFOPLIST_FILE = YES;
				IPHONEOS_DEPLOYMENT_TARGET = 17.4;
				MACOSX_DEPLOYMENT_TARGET = 14.1;
				MARKETING_VERSION = 1.0;
				PRODUCT_BUNDLE_IDENTIFIER = "com.matt-johnson.FetchRecipesTests";
				PRODUCT_NAME = "$(TARGET_NAME)";
				SDKROOT = auto;
				SUPPORTED_PLATFORMS = "iphoneos iphonesimulator macosx";
				SWIFT_EMIT_LOC_STRINGS = NO;
				SWIFT_VERSION = 5.0;
				TARGETED_DEVICE_FAMILY = "1,2";
				TEST_HOST = "$(BUILT_PRODUCTS_DIR)/FetchRecipes.app/$(BUNDLE_EXECUTABLE_FOLDER_PATH)/FetchRecipes";
			};
			name = Debug;
		};
		55C8C8CC2BADD21E00FE13FE /* Release */ = {
			isa = XCBuildConfiguration;
			buildSettings = {
				ALWAYS_EMBED_SWIFT_STANDARD_LIBRARIES = YES;
				BUNDLE_LOADER = "$(TEST_HOST)";
				CODE_SIGN_STYLE = Automatic;
				CURRENT_PROJECT_VERSION = 1;
				GENERATE_INFOPLIST_FILE = YES;
				IPHONEOS_DEPLOYMENT_TARGET = 17.4;
				MACOSX_DEPLOYMENT_TARGET = 14.1;
				MARKETING_VERSION = 1.0;
				PRODUCT_BUNDLE_IDENTIFIER = "com.matt-johnson.FetchRecipesTests";
				PRODUCT_NAME = "$(TARGET_NAME)";
				SDKROOT = auto;
				SUPPORTED_PLATFORMS = "iphoneos iphonesimulator macosx";
				SWIFT_EMIT_LOC_STRINGS = NO;
				SWIFT_VERSION = 5.0;
				TARGETED_DEVICE_FAMILY = "1,2";
				TEST_HOST = "$(BUILT_PRODUCTS_DIR)/FetchRecipes.app/$(BUNDLE_EXECUTABLE_FOLDER_PATH)/FetchRecipes";
			};
			name = Release;
		};
/* End XCBuildConfiguration section */

/* Begin XCConfigurationList section */
		55C8C89D2BADD21C00FE13FE /* Build configuration list for PBXProject "FetchRecipes" */ = {
			isa = XCConfigurationList;
			buildConfigurations = (
				55C8C8C52BADD21E00FE13FE /* Debug */,
				55C8C8C62BADD21E00FE13FE /* Release */,
			);
			defaultConfigurationIsVisible = 0;
			defaultConfigurationName = Release;
		};
		55C8C8C72BADD21E00FE13FE /* Build configuration list for PBXNativeTarget "FetchRecipes" */ = {
			isa = XCConfigurationList;
			buildConfigurations = (
				55C8C8C82BADD21E00FE13FE /* Debug */,
				55C8C8C92BADD21E00FE13FE /* Release */,
			);
			defaultConfigurationIsVisible = 0;
			defaultConfigurationName = Release;
		};
		55C8C8CA2BADD21E00FE13FE /* Build configuration list for PBXNativeTarget "FetchRecipesTests" */ = {
			isa = XCConfigurationList;
			buildConfigurations = (
				55C8C8CB2BADD21E00FE13FE /* Debug */,
				55C8C8CC2BADD21E00FE13FE /* Release */,
			);
			defaultConfigurationIsVisible = 0;
			defaultConfigurationName = Release;
		};
/* End XCConfigurationList section */

/* Begin XCRemoteSwiftPackageReference section */
		55C0B70C2BB33F7500741973 /* XCRemoteSwiftPackageReference "swift-dependencies" */ = {
			isa = XCRemoteSwiftPackageReference;
			repositoryURL = "https://github.com/pointfreeco/swift-dependencies";
			requirement = {
				kind = upToNextMajorVersion;
				minimumVersion = 1.2.2;
			};
		};
		55F1077E2BB21091008A6345 /* XCRemoteSwiftPackageReference "swiftui-navigation" */ = {
			isa = XCRemoteSwiftPackageReference;
			repositoryURL = "https://github.com/pointfreeco/swiftui-navigation";
			requirement = {
				kind = upToNextMajorVersion;
				minimumVersion = 1.2.1;
			};
		};
/* End XCRemoteSwiftPackageReference section */

/* Begin XCSwiftPackageProductDependency section */
		55C0B70D2BB33F7500741973 /* Dependencies */ = {
			isa = XCSwiftPackageProductDependency;
			package = 55C0B70C2BB33F7500741973 /* XCRemoteSwiftPackageReference "swift-dependencies" */;
			productName = Dependencies;
		};
		55C0B70F2BB33F7500741973 /* DependenciesMacros */ = {
			isa = XCSwiftPackageProductDependency;
			package = 55C0B70C2BB33F7500741973 /* XCRemoteSwiftPackageReference "swift-dependencies" */;
			productName = DependenciesMacros;
		};
		55DC81572BB3687400FBFE6C /* Dependencies */ = {
			isa = XCSwiftPackageProductDependency;
			package = 55C0B70C2BB33F7500741973 /* XCRemoteSwiftPackageReference "swift-dependencies" */;
			productName = Dependencies;
		};
		55DC815A2BB3689D00FBFE6C /* DependenciesMacros */ = {
			isa = XCSwiftPackageProductDependency;
			package = 55C0B70C2BB33F7500741973 /* XCRemoteSwiftPackageReference "swift-dependencies" */;
			productName = DependenciesMacros;
		};
		55F1077F2BB210AA008A6345 /* SwiftUINavigation */ = {
			isa = XCSwiftPackageProductDependency;
			package = 55F1077E2BB21091008A6345 /* XCRemoteSwiftPackageReference "swiftui-navigation" */;
			productName = SwiftUINavigation;
		};
/* End XCSwiftPackageProductDependency section */
	};
	rootObject = 55C8C89A2BADD21C00FE13FE /* Project object */;
}
