// !$*UTF8*$!
{
	archiveVersion = 1;
	classes = {
	};
	objectVersion = 56;
	objects = {

/* Begin PBXBuildFile section */
		55C8C8A62BADD21C00FE13FE /* FetchRecipesApp.swift in Sources */ = {isa = PBXBuildFile; fileRef = 55C8C8A52BADD21C00FE13FE /* FetchRecipesApp.swift */; };
		55C8C8A82BADD21C00FE13FE /* ContentView.swift in Sources */ = {isa = PBXBuildFile; fileRef = 55C8C8A72BADD21C00FE13FE /* ContentView.swift */; };
		55C8C8AA2BADD21E00FE13FE /* Assets.xcassets in Resources */ = {isa = PBXBuildFile; fileRef = 55C8C8A92BADD21E00FE13FE /* Assets.xcassets */; };
		55C8C8AE2BADD21E00FE13FE /* Preview Assets.xcassets in Resources */ = {isa = PBXBuildFile; fileRef = 55C8C8AD2BADD21E00FE13FE /* Preview Assets.xcassets */; };
		55C8C8B82BADD21E00FE13FE /* FetchRecipesTests.swift in Sources */ = {isa = PBXBuildFile; fileRef = 55C8C8B72BADD21E00FE13FE /* FetchRecipesTests.swift */; };
		55C8C8C22BADD21E00FE13FE /* FetchRecipesUITests.swift in Sources */ = {isa = PBXBuildFile; fileRef = 55C8C8C12BADD21E00FE13FE /* FetchRecipesUITests.swift */; };
		55C8C8C42BADD21E00FE13FE /* FetchRecipesUITestsLaunchTests.swift in Sources */ = {isa = PBXBuildFile; fileRef = 55C8C8C32BADD21E00FE13FE /* FetchRecipesUITestsLaunchTests.swift */; };
		55C8C8D22BADD4D700FE13FE /* INSTRUCTIONS.md in Resources */ = {isa = PBXBuildFile; fileRef = 55C8C8D12BADD4D700FE13FE /* INSTRUCTIONS.md */; };
		55D951412BB1C1D40095321B /* RecipeList.swift in Sources */ = {isa = PBXBuildFile; fileRef = 55D951402BB1C1D40095321B /* RecipeList.swift */; };
/* End PBXBuildFile section */

/* Begin PBXContainerItemProxy section */
		55C8C8B42BADD21E00FE13FE /* PBXContainerItemProxy */ = {
			isa = PBXContainerItemProxy;
			containerPortal = 55C8C89A2BADD21C00FE13FE /* Project object */;
			proxyType = 1;
			remoteGlobalIDString = 55C8C8A12BADD21C00FE13FE;
			remoteInfo = FetchRecipes;
		};
		55C8C8BE2BADD21E00FE13FE /* PBXContainerItemProxy */ = {
			isa = PBXContainerItemProxy;
			containerPortal = 55C8C89A2BADD21C00FE13FE /* Project object */;
			proxyType = 1;
			remoteGlobalIDString = 55C8C8A12BADD21C00FE13FE;
			remoteInfo = FetchRecipes;
		};
/* End PBXContainerItemProxy section */

/* Begin PBXFileReference section */
		55C8C8A22BADD21C00FE13FE /* FetchRecipes.app */ = {isa = PBXFileReference; explicitFileType = wrapper.application; includeInIndex = 0; path = FetchRecipes.app; sourceTree = BUILT_PRODUCTS_DIR; };
		55C8C8A52BADD21C00FE13FE /* FetchRecipesApp.swift */ = {isa = PBXFileReference; lastKnownFileType = sourcecode.swift; path = FetchRecipesApp.swift; sourceTree = "<group>"; };
		55C8C8A72BADD21C00FE13FE /* ContentView.swift */ = {isa = PBXFileReference; lastKnownFileType = sourcecode.swift; path = ContentView.swift; sourceTree = "<group>"; };
		55C8C8A92BADD21E00FE13FE /* Assets.xcassets */ = {isa = PBXFileReference; lastKnownFileType = folder.assetcatalog; path = Assets.xcassets; sourceTree = "<group>"; };
		55C8C8AB2BADD21E00FE13FE /* FetchRecipes.entitlements */ = {isa = PBXFileReference; lastKnownFileType = text.plist.entitlements; path = FetchRecipes.entitlements; sourceTree = "<group>"; };
		55C8C8AD2BADD21E00FE13FE /* Preview Assets.xcassets */ = {isa = PBXFileReference; lastKnownFileType = folder.assetcatalog; path = "Preview Assets.xcassets"; sourceTree = "<group>"; };
		55C8C8B32BADD21E00FE13FE /* FetchRecipesTests.xctest */ = {isa = PBXFileReference; explicitFileType = wrapper.cfbundle; includeInIndex = 0; path = FetchRecipesTests.xctest; sourceTree = BUILT_PRODUCTS_DIR; };
		55C8C8B72BADD21E00FE13FE /* FetchRecipesTests.swift */ = {isa = PBXFileReference; lastKnownFileType = sourcecode.swift; path = FetchRecipesTests.swift; sourceTree = "<group>"; };
		55C8C8BD2BADD21E00FE13FE /* FetchRecipesUITests.xctest */ = {isa = PBXFileReference; explicitFileType = wrapper.cfbundle; includeInIndex = 0; path = FetchRecipesUITests.xctest; sourceTree = BUILT_PRODUCTS_DIR; };
		55C8C8C12BADD21E00FE13FE /* FetchRecipesUITests.swift */ = {isa = PBXFileReference; lastKnownFileType = sourcecode.swift; path = FetchRecipesUITests.swift; sourceTree = "<group>"; };
		55C8C8C32BADD21E00FE13FE /* FetchRecipesUITestsLaunchTests.swift */ = {isa = PBXFileReference; lastKnownFileType = sourcecode.swift; path = FetchRecipesUITestsLaunchTests.swift; sourceTree = "<group>"; };
		55C8C8D12BADD4D700FE13FE /* INSTRUCTIONS.md */ = {isa = PBXFileReference; fileEncoding = 4; lastKnownFileType = net.daringfireball.markdown; path = INSTRUCTIONS.md; sourceTree = "<group>"; };
		55C8C8D32BADD50D00FE13FE /* README.md */ = {isa = PBXFileReference; lastKnownFileType = net.daringfireball.markdown; path = README.md; sourceTree = "<group>"; };
		55D951402BB1C1D40095321B /* RecipeList.swift */ = {isa = PBXFileReference; lastKnownFileType = sourcecode.swift; path = RecipeList.swift; sourceTree = "<group>"; };
/* End PBXFileReference section */

/* Begin PBXFrameworksBuildPhase section */
		55C8C89F2BADD21C00FE13FE /* Frameworks */ = {
			isa = PBXFrameworksBuildPhase;
			buildActionMask = 2147483647;
			files = (
			);
			runOnlyForDeploymentPostprocessing = 0;
		};
		55C8C8B02BADD21E00FE13FE /* Frameworks */ = {
			isa = PBXFrameworksBuildPhase;
			buildActionMask = 2147483647;
			files = (
			);
			runOnlyForDeploymentPostprocessing = 0;
		};
		55C8C8BA2BADD21E00FE13FE /* Frameworks */ = {
			isa = PBXFrameworksBuildPhase;
			buildActionMask = 2147483647;
			files = (
			);
			runOnlyForDeploymentPostprocessing = 0;
		};
/* End PBXFrameworksBuildPhase section */

/* Begin PBXGroup section */
		55C8C8992BADD21C00FE13FE = {
			isa = PBXGroup;
			children = (
				55C8C8D32BADD50D00FE13FE /* README.md */,
				55C8C8D12BADD4D700FE13FE /* INSTRUCTIONS.md */,
				55C8C8A42BADD21C00FE13FE /* FetchRecipes */,
				55C8C8B62BADD21E00FE13FE /* FetchRecipesTests */,
				55C8C8C02BADD21E00FE13FE /* FetchRecipesUITests */,
				55C8C8A32BADD21C00FE13FE /* Products */,
				55C8C8D72BAE253C00FE13FE /* Frameworks */,
			);
			sourceTree = "<group>";
		};
		55C8C8A32BADD21C00FE13FE /* Products */ = {
			isa = PBXGroup;
			children = (
				55C8C8A22BADD21C00FE13FE /* FetchRecipes.app */,
				55C8C8B32BADD21E00FE13FE /* FetchRecipesTests.xctest */,
				55C8C8BD2BADD21E00FE13FE /* FetchRecipesUITests.xctest */,
			);
			name = Products;
			sourceTree = "<group>";
		};
		55C8C8A42BADD21C00FE13FE /* FetchRecipes */ = {
			isa = PBXGroup;
			children = (
				55C8C8A52BADD21C00FE13FE /* FetchRecipesApp.swift */,
				55D951402BB1C1D40095321B /* RecipeList.swift */,
				55C8C8A72BADD21C00FE13FE /* ContentView.swift */,
				55C8C8A92BADD21E00FE13FE /* Assets.xcassets */,
				55C8C8AB2BADD21E00FE13FE /* FetchRecipes.entitlements */,
				55C8C8AC2BADD21E00FE13FE /* Preview Content */,
			);
			path = FetchRecipes;
			sourceTree = "<group>";
		};
		55C8C8AC2BADD21E00FE13FE /* Preview Content */ = {
			isa = PBXGroup;
			children = (
				55C8C8AD2BADD21E00FE13FE /* Preview Assets.xcassets */,
			);
			path = "Preview Content";
			sourceTree = "<group>";
		};
		55C8C8B62BADD21E00FE13FE /* FetchRecipesTests */ = {
			isa = PBXGroup;
			children = (
				55C8C8B72BADD21E00FE13FE /* FetchRecipesTests.swift */,
			);
			path = FetchRecipesTests;
			sourceTree = "<group>";
		};
		55C8C8C02BADD21E00FE13FE /* FetchRecipesUITests */ = {
			isa = PBXGroup;
			children = (
				55C8C8C12BADD21E00FE13FE /* FetchRecipesUITests.swift */,
				55C8C8C32BADD21E00FE13FE /* FetchRecipesUITestsLaunchTests.swift */,
			);
			path = FetchRecipesUITests;
			sourceTree = "<group>";
		};
		55C8C8D72BAE253C00FE13FE /* Frameworks */ = {
			isa = PBXGroup;
			children = (
			);
			name = Frameworks;
			sourceTree = "<group>";
		};
/* End PBXGroup section */

/* Begin PBXNativeTarget section */
		55C8C8A12BADD21C00FE13FE /* FetchRecipes */ = {
			isa = PBXNativeTarget;
			buildConfigurationList = 55C8C8C72BADD21E00FE13FE /* Build configuration list for PBXNativeTarget "FetchRecipes" */;
			buildPhases = (
				55C8C89E2BADD21C00FE13FE /* Sources */,
				55C8C89F2BADD21C00FE13FE /* Frameworks */,
				55C8C8A02BADD21C00FE13FE /* Resources */,
			);
			buildRules = (
			);
			dependencies = (
			);
			name = FetchRecipes;
			packageProductDependencies = (
			);
			productName = FetchRecipes;
			productReference = 55C8C8A22BADD21C00FE13FE /* FetchRecipes.app */;
			productType = "com.apple.product-type.application";
		};
		55C8C8B22BADD21E00FE13FE /* FetchRecipesTests */ = {
			isa = PBXNativeTarget;
			buildConfigurationList = 55C8C8CA2BADD21E00FE13FE /* Build configuration list for PBXNativeTarget "FetchRecipesTests" */;
			buildPhases = (
				55C8C8AF2BADD21E00FE13FE /* Sources */,
				55C8C8B02BADD21E00FE13FE /* Frameworks */,
				55C8C8B12BADD21E00FE13FE /* Resources */,
			);
			buildRules = (
			);
			dependencies = (
				55C8C8B52BADD21E00FE13FE /* PBXTargetDependency */,
			);
			name = FetchRecipesTests;
			productName = FetchRecipesTests;
			productReference = 55C8C8B32BADD21E00FE13FE /* FetchRecipesTests.xctest */;
			productType = "com.apple.product-type.bundle.unit-test";
		};
		55C8C8BC2BADD21E00FE13FE /* FetchRecipesUITests */ = {
			isa = PBXNativeTarget;
			buildConfigurationList = 55C8C8CD2BADD21E00FE13FE /* Build configuration list for PBXNativeTarget "FetchRecipesUITests" */;
			buildPhases = (
				55C8C8B92BADD21E00FE13FE /* Sources */,
				55C8C8BA2BADD21E00FE13FE /* Frameworks */,
				55C8C8BB2BADD21E00FE13FE /* Resources */,
			);
			buildRules = (
			);
			dependencies = (
				55C8C8BF2BADD21E00FE13FE /* PBXTargetDependency */,
			);
			name = FetchRecipesUITests;
			productName = FetchRecipesUITests;
			productReference = 55C8C8BD2BADD21E00FE13FE /* FetchRecipesUITests.xctest */;
			productType = "com.apple.product-type.bundle.ui-testing";
		};
/* End PBXNativeTarget section */

/* Begin PBXProject section */
		55C8C89A2BADD21C00FE13FE /* Project object */ = {
			isa = PBXProject;
			attributes = {
				BuildIndependentTargetsInParallel = 1;
				LastSwiftUpdateCheck = 1530;
				LastUpgradeCheck = 1530;
				TargetAttributes = {
					55C8C8A12BADD21C00FE13FE = {
						CreatedOnToolsVersion = 15.3;
					};
					55C8C8B22BADD21E00FE13FE = {
						CreatedOnToolsVersion = 15.3;
						TestTargetID = 55C8C8A12BADD21C00FE13FE;
					};
					55C8C8BC2BADD21E00FE13FE = {
						CreatedOnToolsVersion = 15.3;
						TestTargetID = 55C8C8A12BADD21C00FE13FE;
					};
				};
			};
			buildConfigurationList = 55C8C89D2BADD21C00FE13FE /* Build configuration list for PBXProject "FetchRecipes" */;
			compatibilityVersion = "Xcode 14.0";
			developmentRegion = en;
			hasScannedForEncodings = 0;
			knownRegions = (
				en,
				Base,
			);
			mainGroup = 55C8C8992BADD21C00FE13FE;
			packageReferences = (
			);
			productRefGroup = 55C8C8A32BADD21C00FE13FE /* Products */;
			projectDirPath = "";
			projectRoot = "";
			targets = (
				55C8C8A12BADD21C00FE13FE /* FetchRecipes */,
				55C8C8B22BADD21E00FE13FE /* FetchRecipesTests */,
				55C8C8BC2BADD21E00FE13FE /* FetchRecipesUITests */,
			);
		};
/* End PBXProject section */

/* Begin PBXResourcesBuildPhase section */
		55C8C8A02BADD21C00FE13FE /* Resources */ = {
			isa = PBXResourcesBuildPhase;
			buildActionMask = 2147483647;
			files = (
				55C8C8D22BADD4D700FE13FE /* INSTRUCTIONS.md in Resources */,
				55C8C8AE2BADD21E00FE13FE /* Preview Assets.xcassets in Resources */,
				55C8C8AA2BADD21E00FE13FE /* Assets.xcassets in Resources */,
			);
			runOnlyForDeploymentPostprocessing = 0;
		};
		55C8C8B12BADD21E00FE13FE /* Resources */ = {
			isa = PBXResourcesBuildPhase;
			buildActionMask = 2147483647;
			files = (
			);
			runOnlyForDeploymentPostprocessing = 0;
		};
		55C8C8BB2BADD21E00FE13FE /* Resources */ = {
			isa = PBXResourcesBuildPhase;
			buildActionMask = 2147483647;
			files = (
			);
			runOnlyForDeploymentPostprocessing = 0;
		};
/* End PBXResourcesBuildPhase section */

/* Begin PBXSourcesBuildPhase section */
		55C8C89E2BADD21C00FE13FE /* Sources */ = {
			isa = PBXSourcesBuildPhase;
			buildActionMask = 2147483647;
			files = (
				55C8C8A82BADD21C00FE13FE /* ContentView.swift in Sources */,
				55D951412BB1C1D40095321B /* RecipeList.swift in Sources */,
				55C8C8A62BADD21C00FE13FE /* FetchRecipesApp.swift in Sources */,
			);
			runOnlyForDeploymentPostprocessing = 0;
		};
		55C8C8AF2BADD21E00FE13FE /* Sources */ = {
			isa = PBXSourcesBuildPhase;
			buildActionMask = 2147483647;
			files = (
				55C8C8B82BADD21E00FE13FE /* FetchRecipesTests.swift in Sources */,
			);
			runOnlyForDeploymentPostprocessing = 0;
		};
		55C8C8B92BADD21E00FE13FE /* Sources */ = {
			isa = PBXSourcesBuildPhase;
			buildActionMask = 2147483647;
			files = (
				55C8C8C22BADD21E00FE13FE /* FetchRecipesUITests.swift in Sources */,
				55C8C8C42BADD21E00FE13FE /* FetchRecipesUITestsLaunchTests.swift in Sources */,
			);
			runOnlyForDeploymentPostprocessing = 0;
		};
/* End PBXSourcesBuildPhase section */

/* Begin PBXTargetDependency section */
		55C8C8B52BADD21E00FE13FE /* PBXTargetDependency */ = {
			isa = PBXTargetDependency;
			target = 55C8C8A12BADD21C00FE13FE /* FetchRecipes */;
			targetProxy = 55C8C8B42BADD21E00FE13FE /* PBXContainerItemProxy */;
		};
		55C8C8BF2BADD21E00FE13FE /* PBXTargetDependency */ = {
			isa = PBXTargetDependency;
			target = 55C8C8A12BADD21C00FE13FE /* FetchRecipes */;
			targetProxy = 55C8C8BE2BADD21E00FE13FE /* PBXContainerItemProxy */;
		};
/* End PBXTargetDependency section */

/* Begin XCBuildConfiguration section */
		55C8C8C52BADD21E00FE13FE /* Debug */ = {
			isa = XCBuildConfiguration;
			buildSettings = {
				ALWAYS_SEARCH_USER_PATHS = NO;
				ASSETCATALOG_COMPILER_GENERATE_SWIFT_ASSET_SYMBOL_EXTENSIONS = YES;
				CLANG_ANALYZER_NONNULL = YES;
				CLANG_ANALYZER_NUMBER_OBJECT_CONVERSION = YES_AGGRESSIVE;
				CLANG_CXX_LANGUAGE_STANDARD = "gnu++20";
				CLANG_ENABLE_MODULES = YES;
				CLANG_ENABLE_OBJC_ARC = YES;
				CLANG_ENABLE_OBJC_WEAK = YES;
				CLANG_WARN_BLOCK_CAPTURE_AUTORELEASING = YES;
				CLANG_WARN_BOOL_CONVERSION = YES;
				CLANG_WARN_COMMA = YES;
				CLANG_WARN_CONSTANT_CONVERSION = YES;
				CLANG_WARN_DEPRECATED_OBJC_IMPLEMENTATIONS = YES;
				CLANG_WARN_DIRECT_OBJC_ISA_USAGE = YES_ERROR;
				CLANG_WARN_DOCUMENTATION_COMMENTS = YES;
				CLANG_WARN_EMPTY_BODY = YES;
				CLANG_WARN_ENUM_CONVERSION = YES;
				CLANG_WARN_INFINITE_RECURSION = YES;
				CLANG_WARN_INT_CONVERSION = YES;
				CLANG_WARN_NON_LITERAL_NULL_CONVERSION = YES;
				CLANG_WARN_OBJC_IMPLICIT_RETAIN_SELF = YES;
				CLANG_WARN_OBJC_LITERAL_CONVERSION = YES;
				CLANG_WARN_OBJC_ROOT_CLASS = YES_ERROR;
				CLANG_WARN_QUOTED_INCLUDE_IN_FRAMEWORK_HEADER = YES;
				CLANG_WARN_RANGE_LOOP_ANALYSIS = YES;
				CLANG_WARN_STRICT_PROTOTYPES = YES;
				CLANG_WARN_SUSPICIOUS_MOVE = YES;
				CLANG_WARN_UNGUARDED_AVAILABILITY = YES_AGGRESSIVE;
				CLANG_WARN_UNREACHABLE_CODE = YES;
				CLANG_WARN__DUPLICATE_METHOD_MATCH = YES;
				COPY_PHASE_STRIP = NO;
				DEBUG_INFORMATION_FORMAT = dwarf;
				ENABLE_STRICT_OBJC_MSGSEND = YES;
				ENABLE_TESTABILITY = YES;
				ENABLE_USER_SCRIPT_SANDBOXING = YES;
				GCC_C_LANGUAGE_STANDARD = gnu17;
				GCC_DYNAMIC_NO_PIC = NO;
				GCC_NO_COMMON_BLOCKS = YES;
				GCC_OPTIMIZATION_LEVEL = 0;
				GCC_PREPROCESSOR_DEFINITIONS = (
					"DEBUG=1",
					"$(inherited)",
				);
				GCC_WARN_64_TO_32_BIT_CONVERSION = YES;
				GCC_WARN_ABOUT_RETURN_TYPE = YES_ERROR;
				GCC_WARN_UNDECLARED_SELECTOR = YES;
				GCC_WARN_UNINITIALIZED_AUTOS = YES_AGGRESSIVE;
				GCC_WARN_UNUSED_FUNCTION = YES;
				GCC_WARN_UNUSED_VARIABLE = YES;
				LOCALIZATION_PREFERS_STRING_CATALOGS = YES;
				MTL_ENABLE_DEBUG_INFO = INCLUDE_SOURCE;
				MTL_FAST_MATH = YES;
				ONLY_ACTIVE_ARCH = YES;
				SWIFT_ACTIVE_COMPILATION_CONDITIONS = "DEBUG $(inherited)";
				SWIFT_OPTIMIZATION_LEVEL = "-Onone";
			};
			name = Debug;
		};
		55C8C8C62BADD21E00FE13FE /* Release */ = {
			isa = XCBuildConfiguration;
			buildSettings = {
				ALWAYS_SEARCH_USER_PATHS = NO;
				ASSETCATALOG_COMPILER_GENERATE_SWIFT_ASSET_SYMBOL_EXTENSIONS = YES;
				CLANG_ANALYZER_NONNULL = YES;
				CLANG_ANALYZER_NUMBER_OBJECT_CONVERSION = YES_AGGRESSIVE;
				CLANG_CXX_LANGUAGE_STANDARD = "gnu++20";
				CLANG_ENABLE_MODULES = YES;
				CLANG_ENABLE_OBJC_ARC = YES;
				CLANG_ENABLE_OBJC_WEAK = YES;
				CLANG_WARN_BLOCK_CAPTURE_AUTORELEASING = YES;
				CLANG_WARN_BOOL_CONVERSION = YES;
				CLANG_WARN_COMMA = YES;
				CLANG_WARN_CONSTANT_CONVERSION = YES;
				CLANG_WARN_DEPRECATED_OBJC_IMPLEMENTATIONS = YES;
				CLANG_WARN_DIRECT_OBJC_ISA_USAGE = YES_ERROR;
				CLANG_WARN_DOCUMENTATION_COMMENTS = YES;
				CLANG_WARN_EMPTY_BODY = YES;
				CLANG_WARN_ENUM_CONVERSION = YES;
				CLANG_WARN_INFINITE_RECURSION = YES;
				CLANG_WARN_INT_CONVERSION = YES;
				CLANG_WARN_NON_LITERAL_NULL_CONVERSION = YES;
				CLANG_WARN_OBJC_IMPLICIT_RETAIN_SELF = YES;
				CLANG_WARN_OBJC_LITERAL_CONVERSION = YES;
				CLANG_WARN_OBJC_ROOT_CLASS = YES_ERROR;
				CLANG_WARN_QUOTED_INCLUDE_IN_FRAMEWORK_HEADER = YES;
				CLANG_WARN_RANGE_LOOP_ANALYSIS = YES;
				CLANG_WARN_STRICT_PROTOTYPES = YES;
				CLANG_WARN_SUSPICIOUS_MOVE = YES;
				CLANG_WARN_UNGUARDED_AVAILABILITY = YES_AGGRESSIVE;
				CLANG_WARN_UNREACHABLE_CODE = YES;
				CLANG_WARN__DUPLICATE_METHOD_MATCH = YES;
				COPY_PHASE_STRIP = NO;
				DEBUG_INFORMATION_FORMAT = "dwarf-with-dsym";
				ENABLE_NS_ASSERTIONS = NO;
				ENABLE_STRICT_OBJC_MSGSEND = YES;
				ENABLE_USER_SCRIPT_SANDBOXING = YES;
				GCC_C_LANGUAGE_STANDARD = gnu17;
				GCC_NO_COMMON_BLOCKS = YES;
				GCC_WARN_64_TO_32_BIT_CONVERSION = YES;
				GCC_WARN_ABOUT_RETURN_TYPE = YES_ERROR;
				GCC_WARN_UNDECLARED_SELECTOR = YES;
				GCC_WARN_UNINITIALIZED_AUTOS = YES_AGGRESSIVE;
				GCC_WARN_UNUSED_FUNCTION = YES;
				GCC_WARN_UNUSED_VARIABLE = YES;
				LOCALIZATION_PREFERS_STRING_CATALOGS = YES;
				MTL_ENABLE_DEBUG_INFO = NO;
				MTL_FAST_MATH = YES;
				SWIFT_COMPILATION_MODE = wholemodule;
			};
			name = Release;
		};
		55C8C8C82BADD21E00FE13FE /* Debug */ = {
			isa = XCBuildConfiguration;
			buildSettings = {
				ASSETCATALOG_COMPILER_APPICON_NAME = AppIcon;
				ASSETCATALOG_COMPILER_GLOBAL_ACCENT_COLOR_NAME = AccentColor;
				CODE_SIGN_ENTITLEMENTS = FetchRecipes/FetchRecipes.entitlements;
				CODE_SIGN_STYLE = Automatic;
				CURRENT_PROJECT_VERSION = 1;
				DEVELOPMENT_ASSET_PATHS = "\"FetchRecipes/Preview Content\"";
				ENABLE_PREVIEWS = YES;
				GENERATE_INFOPLIST_FILE = YES;
				"INFOPLIST_KEY_UIApplicationSceneManifest_Generation[sdk=iphoneos*]" = YES;
				"INFOPLIST_KEY_UIApplicationSceneManifest_Generation[sdk=iphonesimulator*]" = YES;
				"INFOPLIST_KEY_UIApplicationSupportsIndirectInputEvents[sdk=iphoneos*]" = YES;
				"INFOPLIST_KEY_UIApplicationSupportsIndirectInputEvents[sdk=iphonesimulator*]" = YES;
				"INFOPLIST_KEY_UILaunchScreen_Generation[sdk=iphoneos*]" = YES;
				"INFOPLIST_KEY_UILaunchScreen_Generation[sdk=iphonesimulator*]" = YES;
				"INFOPLIST_KEY_UIStatusBarStyle[sdk=iphoneos*]" = UIStatusBarStyleDefault;
				"INFOPLIST_KEY_UIStatusBarStyle[sdk=iphonesimulator*]" = UIStatusBarStyleDefault;
				INFOPLIST_KEY_UISupportedInterfaceOrientations_iPad = "UIInterfaceOrientationPortrait UIInterfaceOrientationPortraitUpsideDown UIInterfaceOrientationLandscapeLeft UIInterfaceOrientationLandscapeRight";
				INFOPLIST_KEY_UISupportedInterfaceOrientations_iPhone = "UIInterfaceOrientationPortrait UIInterfaceOrientationLandscapeLeft UIInterfaceOrientationLandscapeRight";
				IPHONEOS_DEPLOYMENT_TARGET = 17.4;
				LD_RUNPATH_SEARCH_PATHS = "@executable_path/Frameworks";
				"LD_RUNPATH_SEARCH_PATHS[sdk=macosx*]" = "@executable_path/../Frameworks";
				MACOSX_DEPLOYMENT_TARGET = 14.1;
				MARKETING_VERSION = 1.0;
				PRODUCT_BUNDLE_IDENTIFIER = "com.matt-johnson.FetchRecipes";
				PRODUCT_NAME = "$(TARGET_NAME)";
				SDKROOT = auto;
				SUPPORTED_PLATFORMS = "iphoneos iphonesimulator macosx";
				SWIFT_EMIT_LOC_STRINGS = YES;
				SWIFT_STRICT_CONCURRENCY = complete;
				SWIFT_VERSION = 5.0;
				TARGETED_DEVICE_FAMILY = "1,2";
			};
			name = Debug;
		};
		55C8C8C92BADD21E00FE13FE /* Release */ = {
			isa = XCBuildConfiguration;
			buildSettings = {
				ASSETCATALOG_COMPILER_APPICON_NAME = AppIcon;
				ASSETCATALOG_COMPILER_GLOBAL_ACCENT_COLOR_NAME = AccentColor;
				CODE_SIGN_ENTITLEMENTS = FetchRecipes/FetchRecipes.entitlements;
				CODE_SIGN_STYLE = Automatic;
				CURRENT_PROJECT_VERSION = 1;
				DEVELOPMENT_ASSET_PATHS = "\"FetchRecipes/Preview Content\"";
				ENABLE_PREVIEWS = YES;
				GENERATE_INFOPLIST_FILE = YES;
				"INFOPLIST_KEY_UIApplicationSceneManifest_Generation[sdk=iphoneos*]" = YES;
				"INFOPLIST_KEY_UIApplicationSceneManifest_Generation[sdk=iphonesimulator*]" = YES;
				"INFOPLIST_KEY_UIApplicationSupportsIndirectInputEvents[sdk=iphoneos*]" = YES;
				"INFOPLIST_KEY_UIApplicationSupportsIndirectInputEvents[sdk=iphonesimulator*]" = YES;
				"INFOPLIST_KEY_UILaunchScreen_Generation[sdk=iphoneos*]" = YES;
				"INFOPLIST_KEY_UILaunchScreen_Generation[sdk=iphonesimulator*]" = YES;
				"INFOPLIST_KEY_UIStatusBarStyle[sdk=iphoneos*]" = UIStatusBarStyleDefault;
				"INFOPLIST_KEY_UIStatusBarStyle[sdk=iphonesimulator*]" = UIStatusBarStyleDefault;
				INFOPLIST_KEY_UISupportedInterfaceOrientations_iPad = "UIInterfaceOrientationPortrait UIInterfaceOrientationPortraitUpsideDown UIInterfaceOrientationLandscapeLeft UIInterfaceOrientationLandscapeRight";
				INFOPLIST_KEY_UISupportedInterfaceOrientations_iPhone = "UIInterfaceOrientationPortrait UIInterfaceOrientationLandscapeLeft UIInterfaceOrientationLandscapeRight";
				IPHONEOS_DEPLOYMENT_TARGET = 17.4;
				LD_RUNPATH_SEARCH_PATHS = "@executable_path/Frameworks";
				"LD_RUNPATH_SEARCH_PATHS[sdk=macosx*]" = "@executable_path/../Frameworks";
				MACOSX_DEPLOYMENT_TARGET = 14.1;
				MARKETING_VERSION = 1.0;
				PRODUCT_BUNDLE_IDENTIFIER = "com.matt-johnson.FetchRecipes";
				PRODUCT_NAME = "$(TARGET_NAME)";
				SDKROOT = auto;
				SUPPORTED_PLATFORMS = "iphoneos iphonesimulator macosx";
				SWIFT_EMIT_LOC_STRINGS = YES;
				SWIFT_STRICT_CONCURRENCY = complete;
				SWIFT_VERSION = 5.0;
				TARGETED_DEVICE_FAMILY = "1,2";
			};
			name = Release;
		};
		55C8C8CB2BADD21E00FE13FE /* Debug */ = {
			isa = XCBuildConfiguration;
			buildSettings = {
				ALWAYS_EMBED_SWIFT_STANDARD_LIBRARIES = YES;
				BUNDLE_LOADER = "$(TEST_HOST)";
				CODE_SIGN_STYLE = Automatic;
				CURRENT_PROJECT_VERSION = 1;
				GENERATE_INFOPLIST_FILE = YES;
				IPHONEOS_DEPLOYMENT_TARGET = 17.4;
				MACOSX_DEPLOYMENT_TARGET = 14.1;
				MARKETING_VERSION = 1.0;
				PRODUCT_BUNDLE_IDENTIFIER = "com.matt-johnson.FetchRecipesTests";
				PRODUCT_NAME = "$(TARGET_NAME)";
				SDKROOT = auto;
				SUPPORTED_PLATFORMS = "iphoneos iphonesimulator macosx";
				SWIFT_EMIT_LOC_STRINGS = NO;
				SWIFT_VERSION = 5.0;
				TARGETED_DEVICE_FAMILY = "1,2";
				TEST_HOST = "$(BUILT_PRODUCTS_DIR)/FetchRecipes.app/$(BUNDLE_EXECUTABLE_FOLDER_PATH)/FetchRecipes";
			};
			name = Debug;
		};
		55C8C8CC2BADD21E00FE13FE /* Release */ = {
			isa = XCBuildConfiguration;
			buildSettings = {
				ALWAYS_EMBED_SWIFT_STANDARD_LIBRARIES = YES;
				BUNDLE_LOADER = "$(TEST_HOST)";
				CODE_SIGN_STYLE = Automatic;
				CURRENT_PROJECT_VERSION = 1;
				GENERATE_INFOPLIST_FILE = YES;
				IPHONEOS_DEPLOYMENT_TARGET = 17.4;
				MACOSX_DEPLOYMENT_TARGET = 14.1;
				MARKETING_VERSION = 1.0;
				PRODUCT_BUNDLE_IDENTIFIER = "com.matt-johnson.FetchRecipesTests";
				PRODUCT_NAME = "$(TARGET_NAME)";
				SDKROOT = auto;
				SUPPORTED_PLATFORMS = "iphoneos iphonesimulator macosx";
				SWIFT_EMIT_LOC_STRINGS = NO;
				SWIFT_VERSION = 5.0;
				TARGETED_DEVICE_FAMILY = "1,2";
				TEST_HOST = "$(BUILT_PRODUCTS_DIR)/FetchRecipes.app/$(BUNDLE_EXECUTABLE_FOLDER_PATH)/FetchRecipes";
			};
			name = Release;
		};
		55C8C8CE2BADD21E00FE13FE /* Debug */ = {
			isa = XCBuildConfiguration;
			buildSettings = {
				ALWAYS_EMBED_SWIFT_STANDARD_LIBRARIES = YES;
				CODE_SIGN_STYLE = Automatic;
				CURRENT_PROJECT_VERSION = 1;
				GENERATE_INFOPLIST_FILE = YES;
				IPHONEOS_DEPLOYMENT_TARGET = 17.4;
				MACOSX_DEPLOYMENT_TARGET = 14.1;
				MARKETING_VERSION = 1.0;
				PRODUCT_BUNDLE_IDENTIFIER = "com.matt-johnson.FetchRecipesUITests";
				PRODUCT_NAME = "$(TARGET_NAME)";
				SDKROOT = auto;
				SUPPORTED_PLATFORMS = "iphoneos iphonesimulator macosx";
				SWIFT_EMIT_LOC_STRINGS = NO;
				SWIFT_VERSION = 5.0;
				TARGETED_DEVICE_FAMILY = "1,2";
				TEST_TARGET_NAME = FetchRecipes;
			};
			name = Debug;
		};
		55C8C8CF2BADD21E00FE13FE /* Release */ = {
			isa = XCBuildConfiguration;
			buildSettings = {
				ALWAYS_EMBED_SWIFT_STANDARD_LIBRARIES = YES;
				CODE_SIGN_STYLE = Automatic;
				CURRENT_PROJECT_VERSION = 1;
				GENERATE_INFOPLIST_FILE = YES;
				IPHONEOS_DEPLOYMENT_TARGET = 17.4;
				MACOSX_DEPLOYMENT_TARGET = 14.1;
				MARKETING_VERSION = 1.0;
				PRODUCT_BUNDLE_IDENTIFIER = "com.matt-johnson.FetchRecipesUITests";
				PRODUCT_NAME = "$(TARGET_NAME)";
				SDKROOT = auto;
				SUPPORTED_PLATFORMS = "iphoneos iphonesimulator macosx";
				SWIFT_EMIT_LOC_STRINGS = NO;
				SWIFT_VERSION = 5.0;
				TARGETED_DEVICE_FAMILY = "1,2";
				TEST_TARGET_NAME = FetchRecipes;
			};
			name = Release;
		};
/* End XCBuildConfiguration section */

/* Begin XCConfigurationList section */
		55C8C89D2BADD21C00FE13FE /* Build configuration list for PBXProject "FetchRecipes" */ = {
			isa = XCConfigurationList;
			buildConfigurations = (
				55C8C8C52BADD21E00FE13FE /* Debug */,
				55C8C8C62BADD21E00FE13FE /* Release */,
			);
			defaultConfigurationIsVisible = 0;
			defaultConfigurationName = Release;
		};
		55C8C8C72BADD21E00FE13FE /* Build configuration list for PBXNativeTarget "FetchRecipes" */ = {
			isa = XCConfigurationList;
			buildConfigurations = (
				55C8C8C82BADD21E00FE13FE /* Debug */,
				55C8C8C92BADD21E00FE13FE /* Release */,
			);
			defaultConfigurationIsVisible = 0;
			defaultConfigurationName = Release;
		};
		55C8C8CA2BADD21E00FE13FE /* Build configuration list for PBXNativeTarget "FetchRecipesTests" */ = {
			isa = XCConfigurationList;
			buildConfigurations = (
				55C8C8CB2BADD21E00FE13FE /* Debug */,
				55C8C8CC2BADD21E00FE13FE /* Release */,
			);
			defaultConfigurationIsVisible = 0;
			defaultConfigurationName = Release;
		};
		55C8C8CD2BADD21E00FE13FE /* Build configuration list for PBXNativeTarget "FetchRecipesUITests" */ = {
			isa = XCConfigurationList;
			buildConfigurations = (
				55C8C8CE2BADD21E00FE13FE /* Debug */,
				55C8C8CF2BADD21E00FE13FE /* Release */,
			);
			defaultConfigurationIsVisible = 0;
			defaultConfigurationName = Release;
		};
/* End XCConfigurationList section */
	};
	rootObject = 55C8C89A2BADD21C00FE13FE /* Project object */;
}
